
Microsoft Visual Studio Solution File, Format Version 12.00
Project("{FAE04EC0-301F-11D3-BF4B-00C04F79EFBC}") = "VoxelSharp.Core", "VoxelSharp.Core\VoxelSharp.Core.csproj", "{D0847867-DEDA-4298-B6F9-D79D51E177F6}"
EndProject
Project("{FAE04EC0-301F-11D3-BF4B-00C04F79EFBC}") = "VoxelSharp.Modding", "VoxelSharp.Modding\VoxelSharp.Modding.csproj", "{5DC42F2B-B415-4ECD-A914-52736597B1F2}"
EndProject
Project("{FAE04EC0-301F-11D3-BF4B-00C04F79EFBC}") = "ExampleMod", "ExampleMod\ExampleMod.csproj", "{B0A128DD-0A73-4D97-B1BC-1C9EA52C491D}"
EndProject
Project("{FAE04EC0-301F-11D3-BF4B-00C04F79EFBC}") = "VoxelSharp.Renderer", "VoxelSharp.Renderer\VoxelSharp.Renderer.csproj", "{BE5E5900-90B2-47BA-B506-C93A30059C5B}"
EndProject
Project("{FAE04EC0-301F-11D3-BF4B-00C04F79EFBC}") = "VoxelSharp.Client", "VoxelSharp.Client\VoxelSharp.Client.csproj", "{32210AEA-3B06-4EA6-AF80-E7BE2E563C31}"
EndProject
Project("{FAE04EC0-301F-11D3-BF4B-00C04F79EFBC}") = "VoxelSharp.Abstractions", "VoxelSharp.Abstractions\VoxelSharp.Abstractions.csproj", "{7EF9A972-AFE8-43A9-BEE5-ABA495AA39E2}"
EndProject
Project("{FAE04EC0-301F-11D3-BF4B-00C04F79EFBC}") = "VoxelSharp.Resources", "VoxelSharp.Resources\VoxelSharp.Resources.csproj", "{2796D4ED-AB25-49D5-AF05-9A761FFF99D1}"
EndProject
Project("{2150E333-8FDC-42A3-9474-1A3956D46DE8}") = "Mods", "Mods", "{5E4AF998-459B-4102-B6B9-709144434609}"
EndProject
Project("{FAE04EC0-301F-11D3-BF4B-00C04F79EFBC}") = "ImGUIMod", "ImGUIMod\ImGUIMod.csproj", "{A0E6B8E3-5931-4E20-A89C-502865DB3E64}"
EndProject
Project("{FAE04EC0-301F-11D3-BF4B-00C04F79EFBC}") = "VoxelSegmentation", "VoxelSegmentation\VoxelSegmentation.csproj", "{8C788F7E-EE23-4CDD-8539-A35DC3B85050}"
EndProject
Project("{FAE04EC0-301F-11D3-BF4B-00C04F79EFBC}") = "VoxelSharp.Host.Native", "VoxelSharp.Host.Native\VoxelSharp.Host.Native.csproj", "{31B17FE1-2418-46B6-BCA3-16A7FFAA4B35}"
EndProject
Global
	GlobalSection(SolutionConfigurationPlatforms) = preSolution
		Debug|Any CPU = Debug|Any CPU
		Release|Any CPU = Release|Any CPU
	EndGlobalSection
	GlobalSection(ProjectConfigurationPlatforms) = postSolution
		{D0847867-DEDA-4298-B6F9-D79D51E177F6}.Debug|Any CPU.ActiveCfg = Debug|Any CPU
		{D0847867-DEDA-4298-B6F9-D79D51E177F6}.Debug|Any CPU.Build.0 = Debug|Any CPU
		{D0847867-DEDA-4298-B6F9-D79D51E177F6}.Release|Any CPU.ActiveCfg = Release|Any CPU
		{D0847867-DEDA-4298-B6F9-D79D51E177F6}.Release|Any CPU.Build.0 = Release|Any CPU
		{5DC42F2B-B415-4ECD-A914-52736597B1F2}.Debug|Any CPU.ActiveCfg = Debug|Any CPU
		{5DC42F2B-B415-4ECD-A914-52736597B1F2}.Debug|Any CPU.Build.0 = Debug|Any CPU
		{5DC42F2B-B415-4ECD-A914-52736597B1F2}.Release|Any CPU.ActiveCfg = Release|Any CPU
		{5DC42F2B-B415-4ECD-A914-52736597B1F2}.Release|Any CPU.Build.0 = Release|Any CPU
		{B0A128DD-0A73-4D97-B1BC-1C9EA52C491D}.Debug|Any CPU.ActiveCfg = Debug|Any CPU
		{B0A128DD-0A73-4D97-B1BC-1C9EA52C491D}.Debug|Any CPU.Build.0 = Debug|Any CPU
		{B0A128DD-0A73-4D97-B1BC-1C9EA52C491D}.Release|Any CPU.ActiveCfg = Release|Any CPU
		{B0A128DD-0A73-4D97-B1BC-1C9EA52C491D}.Release|Any CPU.Build.0 = Release|Any CPU
		{BE5E5900-90B2-47BA-B506-C93A30059C5B}.Debug|Any CPU.ActiveCfg = Debug|Any CPU
		{BE5E5900-90B2-47BA-B506-C93A30059C5B}.Debug|Any CPU.Build.0 = Debug|Any CPU
		{BE5E5900-90B2-47BA-B506-C93A30059C5B}.Release|Any CPU.ActiveCfg = Release|Any CPU
		{BE5E5900-90B2-47BA-B506-C93A30059C5B}.Release|Any CPU.Build.0 = Release|Any CPU
		{32210AEA-3B06-4EA6-AF80-E7BE2E563C31}.Debug|Any CPU.ActiveCfg = Debug|Any CPU
		{32210AEA-3B06-4EA6-AF80-E7BE2E563C31}.Debug|Any CPU.Build.0 = Debug|Any CPU
		{32210AEA-3B06-4EA6-AF80-E7BE2E563C31}.Release|Any CPU.ActiveCfg = Release|Any CPU
		{32210AEA-3B06-4EA6-AF80-E7BE2E563C31}.Release|Any CPU.Build.0 = Release|Any CPU
		{7EF9A972-AFE8-43A9-BEE5-ABA495AA39E2}.Debug|Any CPU.ActiveCfg = Debug|Any CPU
		{7EF9A972-AFE8-43A9-BEE5-ABA495AA39E2}.Debug|Any CPU.Build.0 = Debug|Any CPU
		{7EF9A972-AFE8-43A9-BEE5-ABA495AA39E2}.Release|Any CPU.ActiveCfg = Release|Any CPU
		{7EF9A972-AFE8-43A9-BEE5-ABA495AA39E2}.Release|Any CPU.Build.0 = Release|Any CPU
		{2796D4ED-AB25-49D5-AF05-9A761FFF99D1}.Debug|Any CPU.ActiveCfg = Debug|Any CPU
		{2796D4ED-AB25-49D5-AF05-9A761FFF99D1}.Debug|Any CPU.Build.0 = Debug|Any CPU
		{2796D4ED-AB25-49D5-AF05-9A761FFF99D1}.Release|Any CPU.ActiveCfg = Release|Any CPU
		{2796D4ED-AB25-49D5-AF05-9A761FFF99D1}.Release|Any CPU.Build.0 = Release|Any CPU
		{A0E6B8E3-5931-4E20-A89C-502865DB3E64}.Debug|Any CPU.ActiveCfg = Debug|Any CPU
		{A0E6B8E3-5931-4E20-A89C-502865DB3E64}.Debug|Any CPU.Build.0 = Debug|Any CPU
		{A0E6B8E3-5931-4E20-A89C-502865DB3E64}.Release|Any CPU.ActiveCfg = Release|Any CPU
		{A0E6B8E3-5931-4E20-A89C-502865DB3E64}.Release|Any CPU.Build.0 = Release|Any CPU
		{8C788F7E-EE23-4CDD-8539-A35DC3B85050}.Debug|Any CPU.ActiveCfg = Debug|Any CPU
		{8C788F7E-EE23-4CDD-8539-A35DC3B85050}.Debug|Any CPU.Build.0 = Debug|Any CPU
		{8C788F7E-EE23-4CDD-8539-A35DC3B85050}.Release|Any CPU.ActiveCfg = Release|Any CPU
		{8C788F7E-EE23-4CDD-8539-A35DC3B85050}.Release|Any CPU.Build.0 = Release|Any CPU
		{31B17FE1-2418-46B6-BCA3-16A7FFAA4B35}.Debug|Any CPU.ActiveCfg = Debug|Any CPU
		{31B17FE1-2418-46B6-BCA3-16A7FFAA4B35}.Debug|Any CPU.Build.0 = Debug|Any CPU
		{31B17FE1-2418-46B6-BCA3-16A7FFAA4B35}.Release|Any CPU.ActiveCfg = Release|Any CPU
		{31B17FE1-2418-46B6-BCA3-16A7FFAA4B35}.Release|Any CPU.Build.0 = Release|Any CPU
	EndGlobalSection
	GlobalSection(RiderSharedRunConfigurations) = postSolution
		File = run\Example Mod.run.xml
	EndGlobalSection
	GlobalSection(NestedProjects) = preSolution
		{B0A128DD-0A73-4D97-B1BC-1C9EA52C491D} = {5E4AF998-459B-4102-B6B9-709144434609}
		{A0E6B8E3-5931-4E20-A89C-502865DB3E64} = {5E4AF998-459B-4102-B6B9-709144434609}
		{8C788F7E-EE23-4CDD-8539-A35DC3B85050} = {5E4AF998-459B-4102-B6B9-709144434609}
		{31B17FE1-2418-46B6-BCA3-16A7FFAA4B35} = {5E4AF998-459B-4102-B6B9-709144434609}
	EndGlobalSection
EndGlobal
